// !$*UTF8*$!
{
	archiveVersion = 1;
	classes = {
	};
	objectVersion = 46;
	objects = {

/* Begin PBXBuildFile section */
		53351D291DF41FDB0047A9BE /* AppDelegate.swift in Sources */ = {isa = PBXBuildFile; fileRef = 53351D1F1DF41FDB0047A9BE /* AppDelegate.swift */; };
		53351D2A1DF41FDB0047A9BE /* Assets.xcassets in Resources */ = {isa = PBXBuildFile; fileRef = 53351D201DF41FDB0047A9BE /* Assets.xcassets */; };
		53351D2B1DF41FDB0047A9BE /* LaunchScreen.storyboard in Resources */ = {isa = PBXBuildFile; fileRef = 53351D221DF41FDB0047A9BE /* LaunchScreen.storyboard */; };
		53351D2C1DF41FDB0047A9BE /* Main.storyboard in Resources */ = {isa = PBXBuildFile; fileRef = 53351D241DF41FDB0047A9BE /* Main.storyboard */; };
		53351D2D1DF41FDB0047A9BE /* Info.plist in Resources */ = {isa = PBXBuildFile; fileRef = 53351D261DF41FDB0047A9BE /* Info.plist */; };
		53351D2E1DF41FDB0047A9BE /* ViewController.swift in Sources */ = {isa = PBXBuildFile; fileRef = 53351D271DF41FDB0047A9BE /* ViewController.swift */; };
		53351D2F1DF41FDB0047A9BE /* ZDOneCell.swift in Sources */ = {isa = PBXBuildFile; fileRef = 53351D281DF41FDB0047A9BE /* ZDOneCell.swift */; };
/* End PBXBuildFile section */

/* Begin PBXFileReference section */
		53351D051DF4080D0047A9BE /* UICollectionViewCell不销毁.app */ = {isa = PBXFileReference; explicitFileType = wrapper.application; includeInIndex = 0; path = "UICollectionViewCell不销毁.app"; sourceTree = BUILT_PRODUCTS_DIR; };
		53351D1E1DF41FDB0047A9BE /* UICollectionViewCell不销毁-Bridging-Header.h */ = {isa = PBXFileReference; lastKnownFileType = sourcecode.c.h; path = "UICollectionViewCell不销毁-Bridging-Header.h"; sourceTree = "<group>"; };
		53351D1F1DF41FDB0047A9BE /* AppDelegate.swift */ = {isa = PBXFileReference; fileEncoding = 4; lastKnownFileType = sourcecode.swift; name = AppDelegate.swift; path = "UICollectionViewCell的重用/AppDelegate.swift"; sourceTree = "<group>"; };
		53351D201DF41FDB0047A9BE /* Assets.xcassets */ = {isa = PBXFileReference; lastKnownFileType = folder.assetcatalog; name = Assets.xcassets; path = "UICollectionViewCell的重用/Assets.xcassets"; sourceTree = "<group>"; };
		53351D231DF41FDB0047A9BE /* Base */ = {isa = PBXFileReference; lastKnownFileType = file.storyboard; name = Base; path = LaunchScreen.storyboard; sourceTree = "<group>"; };
		53351D251DF41FDB0047A9BE /* Base */ = {isa = PBXFileReference; lastKnownFileType = file.storyboard; name = Base; path = Main.storyboard; sourceTree = "<group>"; };
		53351D261DF41FDB0047A9BE /* Info.plist */ = {isa = PBXFileReference; fileEncoding = 4; lastKnownFileType = text.plist.xml; name = Info.plist; path = "UICollectionViewCell的重用/Info.plist"; sourceTree = "<group>"; };
		53351D271DF41FDB0047A9BE /* ViewController.swift */ = {isa = PBXFileReference; fileEncoding = 4; lastKnownFileType = sourcecode.swift; name = ViewController.swift; path = "UICollectionViewCell的重用/ViewController.swift"; sourceTree = "<group>"; };
		53351D281DF41FDB0047A9BE /* ZDOneCell.swift */ = {isa = PBXFileReference; fileEncoding = 4; lastKnownFileType = sourcecode.swift; name = ZDOneCell.swift; path = "UICollectionViewCell的重用/ZDOneCell.swift"; sourceTree = "<group>"; };
/* End PBXFileReference section */

/* Begin PBXFrameworksBuildPhase section */
		53351D021DF4080D0047A9BE /* Frameworks */ = {
			isa = PBXFrameworksBuildPhase;
			buildActionMask = 2147483647;
			files = (
			);
			runOnlyForDeploymentPostprocessing = 0;
		};
/* End PBXFrameworksBuildPhase section */

/* Begin PBXGroup section */
		53351CFC1DF4080D0047A9BE = {
			isa = PBXGroup;
			children = (
				53351D1F1DF41FDB0047A9BE /* AppDelegate.swift */,
				53351D201DF41FDB0047A9BE /* Assets.xcassets */,
				53351D211DF41FDB0047A9BE /* Base.lproj */,
				53351D261DF41FDB0047A9BE /* Info.plist */,
				53351D271DF41FDB0047A9BE /* ViewController.swift */,
				53351D281DF41FDB0047A9BE /* ZDOneCell.swift */,
				53351D061DF4080D0047A9BE /* Products */,
				53351D1E1DF41FDB0047A9BE /* UICollectionViewCell不销毁-Bridging-Header.h */,
			);
			sourceTree = "<group>";
		};
		53351D061DF4080D0047A9BE /* Products */ = {
			isa = PBXGroup;
			children = (
				53351D051DF4080D0047A9BE /* UICollectionViewCell不销毁.app */,
			);
			name = Products;
			sourceTree = "<group>";
		};
		53351D211DF41FDB0047A9BE /* Base.lproj */ = {
			isa = PBXGroup;
			children = (
				53351D221DF41FDB0047A9BE /* LaunchScreen.storyboard */,
				53351D241DF41FDB0047A9BE /* Main.storyboard */,
			);
			name = Base.lproj;
			path = "UICollectionViewCell的重用/Base.lproj";
			sourceTree = "<group>";
		};
/* End PBXGroup section */

/* Begin PBXNativeTarget section */
		53351D041DF4080D0047A9BE /* UICollectionViewCell不销毁 */ = {
			isa = PBXNativeTarget;
			buildConfigurationList = 53351D171DF4080D0047A9BE /* Build configuration list for PBXNativeTarget "UICollectionViewCell不销毁" */;
			buildPhases = (
				53351D011DF4080D0047A9BE /* Sources */,
				53351D021DF4080D0047A9BE /* Frameworks */,
				53351D031DF4080D0047A9BE /* Resources */,
			);
			buildRules = (
			);
			dependencies = (
			);
			name = "UICollectionViewCell不销毁";
			productName = "UICollectionViewCell不销毁";
			productReference = 53351D051DF4080D0047A9BE /* UICollectionViewCell不销毁.app */;
			productType = "com.apple.product-type.application";
		};
/* End PBXNativeTarget section */

/* Begin PBXProject section */
		53351CFD1DF4080D0047A9BE /* Project object */ = {
			isa = PBXProject;
			attributes = {
				CLASSPREFIX = ZD;
				LastSwiftUpdateCheck = 0810;
				LastUpgradeCheck = 0810;
				ORGANIZATIONNAME = zhudong;
				TargetAttributes = {
					53351D041DF4080D0047A9BE = {
						CreatedOnToolsVersion = 8.1;
						LastSwiftMigration = 0810;
						ProvisioningStyle = Automatic;
					};
				};
			};
			buildConfigurationList = 53351D001DF4080D0047A9BE /* Build configuration list for PBXProject "UICollectionViewCell的重用" */;
			compatibilityVersion = "Xcode 3.2";
			developmentRegion = English;
			hasScannedForEncodings = 0;
			knownRegions = (
				en,
				Base,
			);
			mainGroup = 53351CFC1DF4080D0047A9BE;
			productRefGroup = 53351D061DF4080D0047A9BE /* Products */;
			projectDirPath = "";
			projectRoot = "";
			targets = (
				53351D041DF4080D0047A9BE /* UICollectionViewCell不销毁 */,
			);
		};
/* End PBXProject section */

/* Begin PBXResourcesBuildPhase section */
		53351D031DF4080D0047A9BE /* Resources */ = {
			isa = PBXResourcesBuildPhase;
			buildActionMask = 2147483647;
			files = (
				53351D2D1DF41FDB0047A9BE /* Info.plist in Resources */,
				53351D2C1DF41FDB0047A9BE /* Main.storyboard in Resources */,
				53351D2A1DF41FDB0047A9BE /* Assets.xcassets in Resources */,
				53351D2B1DF41FDB0047A9BE /* LaunchScreen.storyboard in Resources */,
			);
			runOnlyForDeploymentPostprocessing = 0;
		};
/* End PBXResourcesBuildPhase section */

/* Begin PBXSourcesBuildPhase section */
		53351D011DF4080D0047A9BE /* Sources */ = {
			isa = PBXSourcesBuildPhase;
			buildActionMask = 2147483647;
			files = (
				53351D2E1DF41FDB0047A9BE /* ViewController.swift in Sources */,
				53351D2F1DF41FDB0047A9BE /* ZDOneCell.swift in Sources */,
				53351D291DF41FDB0047A9BE /* AppDelegate.swift in Sources */,
			);
			runOnlyForDeploymentPostprocessing = 0;
		};
/* End PBXSourcesBuildPhase section */

/* Begin PBXVariantGroup section */
		53351D221DF41FDB0047A9BE /* LaunchScreen.storyboard */ = {
			isa = PBXVariantGroup;
			children = (
				53351D231DF41FDB0047A9BE /* Base */,
			);
			name = LaunchScreen.storyboard;
			sourceTree = "<group>";
		};
		53351D241DF41FDB0047A9BE /* Main.storyboard */ = {
			isa = PBXVariantGroup;
			children = (
				53351D251DF41FDB0047A9BE /* Base */,
			);
			name = Main.storyboard;
			sourceTree = "<group>";
		};
/* End PBXVariantGroup section */

/* Begin XCBuildConfiguration section */
		53351D151DF4080D0047A9BE /* Debug */ = {
			isa = XCBuildConfiguration;
			buildSettings = {
				ALWAYS_SEARCH_USER_PATHS = NO;
				CLANG_ANALYZER_NONNULL = YES;
				CLANG_CXX_LANGUAGE_STANDARD = "gnu++0x";
				CLANG_CXX_LIBRARY = "libc++";
				CLANG_ENABLE_MODULES = YES;
				CLANG_ENABLE_OBJC_ARC = YES;
				CLANG_WARN_BOOL_CONVERSION = YES;
				CLANG_WARN_CONSTANT_CONVERSION = YES;
				CLANG_WARN_DIRECT_OBJC_ISA_USAGE = YES_ERROR;
				CLANG_WARN_DOCUMENTATION_COMMENTS = YES;
				CLANG_WARN_EMPTY_BODY = YES;
				CLANG_WARN_ENUM_CONVERSION = YES;
				CLANG_WARN_INFINITE_RECURSION = YES;
				CLANG_WARN_INT_CONVERSION = YES;
				CLANG_WARN_OBJC_ROOT_CLASS = YES_ERROR;
				CLANG_WARN_SUSPICIOUS_MOVES = YES;
				CLANG_WARN_UNREACHABLE_CODE = YES;
				CLANG_WARN__DUPLICATE_METHOD_MATCH = YES;
				"CODE_SIGN_IDENTITY[sdk=iphoneos*]" = "iPhone Developer";
				COPY_PHASE_STRIP = NO;
				DEBUG_INFORMATION_FORMAT = dwarf;
				ENABLE_STRICT_OBJC_MSGSEND = YES;
				ENABLE_TESTABILITY = YES;
				GCC_C_LANGUAGE_STANDARD = gnu99;
				GCC_DYNAMIC_NO_PIC = NO;
				GCC_NO_COMMON_BLOCKS = YES;
				GCC_OPTIMIZATION_LEVEL = 0;
				GCC_PREPROCESSOR_DEFINITIONS = (
					"DEBUG=1",
					"$(inherited)",
				);
				GCC_WARN_64_TO_32_BIT_CONVERSION = YES;
				GCC_WARN_ABOUT_RETURN_TYPE = YES_ERROR;
				GCC_WARN_UNDECLARED_SELECTOR = YES;
				GCC_WARN_UNINITIALIZED_AUTOS = YES_AGGRESSIVE;
				GCC_WARN_UNUSED_FUNCTION = YES;
				GCC_WARN_UNUSED_VARIABLE = YES;
				IPHONEOS_DEPLOYMENT_TARGET = 10.1;
				MTL_ENABLE_DEBUG_INFO = YES;
				ONLY_ACTIVE_ARCH = YES;
				SDKROOT = iphoneos;
				SWIFT_ACTIVE_COMPILATION_CONDITIONS = DEBUG;
				SWIFT_OPTIMIZATION_LEVEL = "-Onone";
			};
			name = Debug;
		};
		53351D161DF4080D0047A9BE /* Release */ = {
			isa = XCBuildConfiguration;
			buildSettings = {
				ALWAYS_SEARCH_USER_PATHS = NO;
				CLANG_ANALYZER_NONNULL = YES;
				CLANG_CXX_LANGUAGE_STANDARD = "gnu++0x";
				CLANG_CXX_LIBRARY = "libc++";
				CLANG_ENABLE_MODULES = YES;
				CLANG_ENABLE_OBJC_ARC = YES;
				CLANG_WARN_BOOL_CONVERSION = YES;
				CLANG_WARN_CONSTANT_CONVERSION = YES;
				CLANG_WARN_DIRECT_OBJC_ISA_USAGE = YES_ERROR;
				CLANG_WARN_DOCUMENTATION_COMMENTS = YES;
				CLANG_WARN_EMPTY_BODY = YES;
				CLANG_WARN_ENUM_CONVERSION = YES;
				CLANG_WARN_INFINITE_RECURSION = YES;
				CLANG_WARN_INT_CONVERSION = YES;
				CLANG_WARN_OBJC_ROOT_CLASS = YES_ERROR;
				CLANG_WARN_SUSPICIOUS_MOVES = YES;
				CLANG_WARN_UNREACHABLE_CODE = YES;
				CLANG_WARN__DUPLICATE_METHOD_MATCH = YES;
				"CODE_SIGN_IDENTITY[sdk=iphoneos*]" = "iPhone Developer";
				COPY_PHASE_STRIP = NO;
				DEBUG_INFORMATION_FORMAT = "dwarf-with-dsym";
				ENABLE_NS_ASSERTIONS = NO;
				ENABLE_STRICT_OBJC_MSGSEND = YES;
				GCC_C_LANGUAGE_STANDARD = gnu99;
				GCC_NO_COMMON_BLOCKS = YES;
				GCC_WARN_64_TO_32_BIT_CONVERSION = YES;
				GCC_WARN_ABOUT_RETURN_TYPE = YES_ERROR;
				GCC_WARN_UNDECLARED_SELECTOR = YES;
				GCC_WARN_UNINITIALIZED_AUTOS = YES_AGGRESSIVE;
				GCC_WARN_UNUSED_FUNCTION = YES;
				GCC_WARN_UNUSED_VARIABLE = YES;
				IPHONEOS_DEPLOYMENT_TARGET = 10.1;
				MTL_ENABLE_DEBUG_INFO = NO;
				SDKROOT = iphoneos;
				SWIFT_OPTIMIZATION_LEVEL = "-Owholemodule";
				VALIDATE_PRODUCT = YES;
			};
			name = Release;
		};
		53351D181DF4080D0047A9BE /* Debug */ = {
			isa = XCBuildConfiguration;
			buildSettings = {
				ASSETCATALOG_COMPILER_APPICON_NAME = AppIcon;
				CLANG_ENABLE_MODULES = YES;
				INFOPLIST_FILE = "/Users/zhudong/Documents/myGit/UICollectionViewCell的重用/UICollectionViewCell的重用/UICollectionViewCell的重用/Info.plist";
				LD_RUNPATH_SEARCH_PATHS = "$(inherited) @executable_path/Frameworks";
				PRODUCT_BUNDLE_IDENTIFIER = "com.91guoxin.www.UICollectionViewCell---";
				PRODUCT_NAME = "$(TARGET_NAME)";
				SWIFT_OBJC_BRIDGING_HEADER = "UICollectionViewCell不销毁-Bridging-Header.h";
				SWIFT_OPTIMIZATION_LEVEL = "-Onone";
				SWIFT_VERSION = 3.0;
			};
			name = Debug;
		};
		53351D191DF4080D0047A9BE /* Release */ = {
			isa = XCBuildConfiguration;
			buildSettings = {
				ASSETCATALOG_COMPILER_APPICON_NAME = AppIcon;
				CLANG_ENABLE_MODULES = YES;
				INFOPLIST_FILE = "/Users/zhudong/Documents/myGit/UICollectionViewCell的重用/UICollectionViewCell的重用/UICollectionViewCell的重用/Info.plist";
				LD_RUNPATH_SEARCH_PATHS = "$(inherited) @executable_path/Frameworks";
				PRODUCT_BUNDLE_IDENTIFIER = "com.91guoxin.www.UICollectionViewCell---";
				PRODUCT_NAME = "$(TARGET_NAME)";
				SWIFT_OBJC_BRIDGING_HEADER = "UICollectionViewCell不销毁-Bridging-Header.h";
				SWIFT_VERSION = 3.0;
			};
			name = Release;
		};
/* End XCBuildConfiguration section */

/* Begin XCConfigurationList section */
		53351D001DF4080D0047A9BE /* Build configuration list for PBXProject "UICollectionViewCell的重用" */ = {
			isa = XCConfigurationList;
			buildConfigurations = (
				53351D151DF4080D0047A9BE /* Debug */,
				53351D161DF4080D0047A9BE /* Release */,
			);
			defaultConfigurationIsVisible = 0;
			defaultConfigurationName = Release;
		};
		53351D171DF4080D0047A9BE /* Build configuration list for PBXNativeTarget "UICollectionViewCell不销毁" */ = {
			isa = XCConfigurationList;
			buildConfigurations = (
				53351D181DF4080D0047A9BE /* Debug */,
				53351D191DF4080D0047A9BE /* Release */,
			);
			defaultConfigurationIsVisible = 0;
			defaultConfigurationName = Release;
		};
/* End XCConfigurationList section */
	};
	rootObject = 53351CFD1DF4080D0047A9BE /* Project object */;
}
